// !$*UTF8*$!
{
	archiveVersion = 1;
	classes = {
	};
	objectVersion = 46;
	objects = {

/* Begin PBXBuildFile section */
		075819C4176EA4B300735DA4 /* MWPhoto.m in Sources */ = {isa = PBXBuildFile; fileRef = 075819B4176EA4B300735DA4 /* MWPhoto.m */; };
		075819C5176EA4B300735DA4 /* MWCaptionView.m in Sources */ = {isa = PBXBuildFile; fileRef = 075819B6176EA4B300735DA4 /* MWCaptionView.m */; };
		075819C6176EA4B300735DA4 /* MWPhotoBrowser.bundle in Resources */ = {isa = PBXBuildFile; fileRef = 075819B8176EA4B300735DA4 /* MWPhotoBrowser.bundle */; };
		075819C7176EA4B300735DA4 /* MWPhotoBrowser.m in Sources */ = {isa = PBXBuildFile; fileRef = 075819BA176EA4B300735DA4 /* MWPhotoBrowser.m */; };
		075819C8176EA4B300735DA4 /* MWProgressHUD.m in Sources */ = {isa = PBXBuildFile; fileRef = 075819BD176EA4B300735DA4 /* MWProgressHUD.m */; };
		075819C9176EA4B300735DA4 /* MWTapDetectingImageView.m in Sources */ = {isa = PBXBuildFile; fileRef = 075819BF176EA4B300735DA4 /* MWTapDetectingImageView.m */; };
		075819CA176EA4B300735DA4 /* MWTapDetectingView.m in Sources */ = {isa = PBXBuildFile; fileRef = 075819C1176EA4B300735DA4 /* MWTapDetectingView.m */; };
		075819CB176EA4B300735DA4 /* MWZoomingScrollView.m in Sources */ = {isa = PBXBuildFile; fileRef = 075819C3176EA4B300735DA4 /* MWZoomingScrollView.m */; };
		07581A22176EA5E200735DA4 /* LICENSE in Resources */ = {isa = PBXBuildFile; fileRef = 07581A05176EA5E200735DA4 /* LICENSE */; };
		07581A23176EA5E200735DA4 /* NSData+GIF.m in Sources */ = {isa = PBXBuildFile; fileRef = 07581A07176EA5E200735DA4 /* NSData+GIF.m */; };
		07581A24176EA5E200735DA4 /* README.md in Resources */ = {isa = PBXBuildFile; fileRef = 07581A08176EA5E200735DA4 /* README.md */; };
		07581A25176EA5E200735DA4 /* SDImageCache.m in Sources */ = {isa = PBXBuildFile; fileRef = 07581A0A176EA5E200735DA4 /* SDImageCache.m */; };
		07581A26176EA5E200735DA4 /* SDWebImageCompat.m in Sources */ = {isa = PBXBuildFile; fileRef = 07581A0C176EA5E200735DA4 /* SDWebImageCompat.m */; };
		07581A27176EA5E200735DA4 /* SDWebImageDecoder.m in Sources */ = {isa = PBXBuildFile; fileRef = 07581A0E176EA5E200735DA4 /* SDWebImageDecoder.m */; };
		07581A28176EA5E200735DA4 /* SDWebImageDownloader.m in Sources */ = {isa = PBXBuildFile; fileRef = 07581A10176EA5E200735DA4 /* SDWebImageDownloader.m */; };
		07581A29176EA5E200735DA4 /* SDWebImageDownloaderOperation.m in Sources */ = {isa = PBXBuildFile; fileRef = 07581A12176EA5E200735DA4 /* SDWebImageDownloaderOperation.m */; };
		07581A2A176EA5E200735DA4 /* SDWebImageManager.m in Sources */ = {isa = PBXBuildFile; fileRef = 07581A14176EA5E200735DA4 /* SDWebImageManager.m */; };
		07581A2B176EA5E200735DA4 /* SDWebImagePrefetcher.m in Sources */ = {isa = PBXBuildFile; fileRef = 07581A17176EA5E200735DA4 /* SDWebImagePrefetcher.m */; };
		07581A2C176EA5E200735DA4 /* UIButton+WebCache.m in Sources */ = {isa = PBXBuildFile; fileRef = 07581A19176EA5E200735DA4 /* UIButton+WebCache.m */; };
		07581A2D176EA5E200735DA4 /* UIImage+GIF.m in Sources */ = {isa = PBXBuildFile; fileRef = 07581A1B176EA5E200735DA4 /* UIImage+GIF.m */; };
		07581A2E176EA5E200735DA4 /* UIImage+MultiFormat.m in Sources */ = {isa = PBXBuildFile; fileRef = 07581A1D176EA5E200735DA4 /* UIImage+MultiFormat.m */; };
		07581A2F176EA5E200735DA4 /* UIImage+WebP.m in Sources */ = {isa = PBXBuildFile; fileRef = 07581A1F176EA5E200735DA4 /* UIImage+WebP.m */; };
		07581A30176EA5E200735DA4 /* UIImageView+WebCache.m in Sources */ = {isa = PBXBuildFile; fileRef = 07581A21176EA5E200735DA4 /* UIImageView+WebCache.m */; };
		076E5E6C1768CF570029E472 /* Default-568h@2x.png in Resources */ = {isa = PBXBuildFile; fileRef = 076E5E6B1768CF570029E472 /* Default-568h@2x.png */; };
		0E85B24C14C6F40500EA35BF /* Localizable.strings in Resources */ = {isa = PBXBuildFile; fileRef = 0E85B24E14C6F40500EA35BF /* Localizable.strings */; };
		0EA380351573EA53003F4582 /* ImageIO.framework in Frameworks */ = {isa = PBXBuildFile; fileRef = 0EA380341573EA53003F4582 /* ImageIO.framework */; };
		4C6F979214AF734900F8389A /* UIKit.framework in Frameworks */ = {isa = PBXBuildFile; fileRef = 4C6F979114AF734900F8389A /* UIKit.framework */; };
		4C6F979414AF734900F8389A /* Foundation.framework in Frameworks */ = {isa = PBXBuildFile; fileRef = 4C6F979314AF734900F8389A /* Foundation.framework */; };
		4C6F979614AF734900F8389A /* CoreGraphics.framework in Frameworks */ = {isa = PBXBuildFile; fileRef = 4C6F979514AF734900F8389A /* CoreGraphics.framework */; };
		4C6F979E14AF734900F8389A /* main.m in Sources */ = {isa = PBXBuildFile; fileRef = 4C6F979D14AF734900F8389A /* main.m */; };
		4C6F97A214AF734900F8389A /* AppDelegate.m in Sources */ = {isa = PBXBuildFile; fileRef = 4C6F97A114AF734900F8389A /* AppDelegate.m */; };
		4C6F97B314AF737E00F8389A /* Menu.m in Sources */ = {isa = PBXBuildFile; fileRef = 4C6F97B214AF737E00F8389A /* Menu.m */; };
		4C6F97C914AF750400F8389A /* MessageUI.framework in Frameworks */ = {isa = PBXBuildFile; fileRef = 4C6F97C814AF750400F8389A /* MessageUI.framework */; };
		4C6F97D314AF760500F8389A /* photo1l.jpg in Resources */ = {isa = PBXBuildFile; fileRef = 4C6F97CB14AF760500F8389A /* photo1l.jpg */; };
		4C6F97D414AF760500F8389A /* photo1m.jpg in Resources */ = {isa = PBXBuildFile; fileRef = 4C6F97CC14AF760500F8389A /* photo1m.jpg */; };
		4C6F97D514AF760500F8389A /* photo2l.jpg in Resources */ = {isa = PBXBuildFile; fileRef = 4C6F97CD14AF760500F8389A /* photo2l.jpg */; };
		4C6F97D614AF760500F8389A /* photo2m.jpg in Resources */ = {isa = PBXBuildFile; fileRef = 4C6F97CE14AF760500F8389A /* photo2m.jpg */; };
		4C6F97D714AF760500F8389A /* photo3l.jpg in Resources */ = {isa = PBXBuildFile; fileRef = 4C6F97CF14AF760500F8389A /* photo3l.jpg */; };
		4C6F97D814AF760500F8389A /* photo3m.jpg in Resources */ = {isa = PBXBuildFile; fileRef = 4C6F97D014AF760500F8389A /* photo3m.jpg */; };
		4C6F97D914AF760500F8389A /* photo4l.jpg in Resources */ = {isa = PBXBuildFile; fileRef = 4C6F97D114AF760500F8389A /* photo4l.jpg */; };
		4C6F97DA14AF760500F8389A /* photo4m.jpg in Resources */ = {isa = PBXBuildFile; fileRef = 4C6F97D214AF760500F8389A /* photo4m.jpg */; };
/* End PBXBuildFile section */

/* Begin PBXFileReference section */
		075819B4176EA4B300735DA4 /* MWPhoto.m */ = {isa = PBXFileReference; fileEncoding = 4; lastKnownFileType = sourcecode.c.objc; name = MWPhoto.m; path = ../../MWPhotoBrowser/MWPhotoBrowser/MWPhoto.m; sourceTree = "<group>"; };
		075819B5176EA4B300735DA4 /* MWCaptionView.h */ = {isa = PBXFileReference; fileEncoding = 4; lastKnownFileType = sourcecode.c.h; name = MWCaptionView.h; path = ../../MWPhotoBrowser/MWPhotoBrowser/MWCaptionView.h; sourceTree = "<group>"; };
		075819B6176EA4B300735DA4 /* MWCaptionView.m */ = {isa = PBXFileReference; fileEncoding = 4; lastKnownFileType = sourcecode.c.objc; name = MWCaptionView.m; path = ../../MWPhotoBrowser/MWPhotoBrowser/MWCaptionView.m; sourceTree = "<group>"; };
		075819B7176EA4B300735DA4 /* MWPhoto.h */ = {isa = PBXFileReference; fileEncoding = 4; lastKnownFileType = sourcecode.c.h; name = MWPhoto.h; path = ../../MWPhotoBrowser/MWPhotoBrowser/MWPhoto.h; sourceTree = "<group>"; };
		075819B8176EA4B300735DA4 /* MWPhotoBrowser.bundle */ = {isa = PBXFileReference; lastKnownFileType = "wrapper.plug-in"; name = MWPhotoBrowser.bundle; path = ../../MWPhotoBrowser/MWPhotoBrowser/MWPhotoBrowser.bundle; sourceTree = "<group>"; };
		075819B9176EA4B300735DA4 /* MWPhotoBrowser.h */ = {isa = PBXFileReference; fileEncoding = 4; lastKnownFileType = sourcecode.c.h; name = MWPhotoBrowser.h; path = ../../MWPhotoBrowser/MWPhotoBrowser/MWPhotoBrowser.h; sourceTree = "<group>"; };
		075819BA176EA4B300735DA4 /* MWPhotoBrowser.m */ = {isa = PBXFileReference; fileEncoding = 4; lastKnownFileType = sourcecode.c.objc; name = MWPhotoBrowser.m; path = ../../MWPhotoBrowser/MWPhotoBrowser/MWPhotoBrowser.m; sourceTree = "<group>"; };
		075819BB176EA4B300735DA4 /* MWPhotoProtocol.h */ = {isa = PBXFileReference; fileEncoding = 4; lastKnownFileType = sourcecode.c.h; name = MWPhotoProtocol.h; path = ../../MWPhotoBrowser/MWPhotoBrowser/MWPhotoProtocol.h; sourceTree = "<group>"; };
		075819BC176EA4B300735DA4 /* MWProgressHUD.h */ = {isa = PBXFileReference; fileEncoding = 4; lastKnownFileType = sourcecode.c.h; name = MWProgressHUD.h; path = ../../MWPhotoBrowser/MWPhotoBrowser/MWProgressHUD.h; sourceTree = "<group>"; };
		075819BD176EA4B300735DA4 /* MWProgressHUD.m */ = {isa = PBXFileReference; fileEncoding = 4; lastKnownFileType = sourcecode.c.objc; name = MWProgressHUD.m; path = ../../MWPhotoBrowser/MWPhotoBrowser/MWProgressHUD.m; sourceTree = "<group>"; };
		075819BE176EA4B300735DA4 /* MWTapDetectingImageView.h */ = {isa = PBXFileReference; fileEncoding = 4; lastKnownFileType = sourcecode.c.h; name = MWTapDetectingImageView.h; path = ../../MWPhotoBrowser/MWPhotoBrowser/MWTapDetectingImageView.h; sourceTree = "<group>"; };
		075819BF176EA4B300735DA4 /* MWTapDetectingImageView.m */ = {isa = PBXFileReference; fileEncoding = 4; lastKnownFileType = sourcecode.c.objc; name = MWTapDetectingImageView.m; path = ../../MWPhotoBrowser/MWPhotoBrowser/MWTapDetectingImageView.m; sourceTree = "<group>"; };
		075819C0176EA4B300735DA4 /* MWTapDetectingView.h */ = {isa = PBXFileReference; fileEncoding = 4; lastKnownFileType = sourcecode.c.h; name = MWTapDetectingView.h; path = ../../MWPhotoBrowser/MWPhotoBrowser/MWTapDetectingView.h; sourceTree = "<group>"; };
		075819C1176EA4B300735DA4 /* MWTapDetectingView.m */ = {isa = PBXFileReference; fileEncoding = 4; lastKnownFileType = sourcecode.c.objc; name = MWTapDetectingView.m; path = ../../MWPhotoBrowser/MWPhotoBrowser/MWTapDetectingView.m; sourceTree = "<group>"; };
		075819C2176EA4B300735DA4 /* MWZoomingScrollView.h */ = {isa = PBXFileReference; fileEncoding = 4; lastKnownFileType = sourcecode.c.h; name = MWZoomingScrollView.h; path = ../../MWPhotoBrowser/MWPhotoBrowser/MWZoomingScrollView.h; sourceTree = "<group>"; };
		075819C3176EA4B300735DA4 /* MWZoomingScrollView.m */ = {isa = PBXFileReference; fileEncoding = 4; lastKnownFileType = sourcecode.c.objc; name = MWZoomingScrollView.m; path = ../../MWPhotoBrowser/MWPhotoBrowser/MWZoomingScrollView.m; sourceTree = "<group>"; };
		07581A05176EA5E200735DA4 /* LICENSE */ = {isa = PBXFileReference; fileEncoding = 4; lastKnownFileType = text; path = LICENSE; sourceTree = "<group>"; };
		07581A06176EA5E200735DA4 /* NSData+GIF.h */ = {isa = PBXFileReference; fileEncoding = 4; lastKnownFileType = sourcecode.c.h; path = "NSData+GIF.h"; sourceTree = "<group>"; };
		07581A07176EA5E200735DA4 /* NSData+GIF.m */ = {isa = PBXFileReference; fileEncoding = 4; lastKnownFileType = sourcecode.c.objc; path = "NSData+GIF.m"; sourceTree = "<group>"; };
		07581A08176EA5E200735DA4 /* README.md */ = {isa = PBXFileReference; fileEncoding = 4; lastKnownFileType = text; path = README.md; sourceTree = "<group>"; };
		07581A09176EA5E200735DA4 /* SDImageCache.h */ = {isa = PBXFileReference; fileEncoding = 4; lastKnownFileType = sourcecode.c.h; path = SDImageCache.h; sourceTree = "<group>"; };
		07581A0A176EA5E200735DA4 /* SDImageCache.m */ = {isa = PBXFileReference; fileEncoding = 4; lastKnownFileType = sourcecode.c.objc; path = SDImageCache.m; sourceTree = "<group>"; };
		07581A0B176EA5E200735DA4 /* SDWebImageCompat.h */ = {isa = PBXFileReference; fileEncoding = 4; lastKnownFileType = sourcecode.c.h; path = SDWebImageCompat.h; sourceTree = "<group>"; };
		07581A0C176EA5E200735DA4 /* SDWebImageCompat.m */ = {isa = PBXFileReference; fileEncoding = 4; lastKnownFileType = sourcecode.c.objc; path = SDWebImageCompat.m; sourceTree = "<group>"; };
		07581A0D176EA5E200735DA4 /* SDWebImageDecoder.h */ = {isa = PBXFileReference; fileEncoding = 4; lastKnownFileType = sourcecode.c.h; path = SDWebImageDecoder.h; sourceTree = "<group>"; };
		07581A0E176EA5E200735DA4 /* SDWebImageDecoder.m */ = {isa = PBXFileReference; fileEncoding = 4; lastKnownFileType = sourcecode.c.objc; path = SDWebImageDecoder.m; sourceTree = "<group>"; };
		07581A0F176EA5E200735DA4 /* SDWebImageDownloader.h */ = {isa = PBXFileReference; fileEncoding = 4; lastKnownFileType = sourcecode.c.h; path = SDWebImageDownloader.h; sourceTree = "<group>"; };
		07581A10176EA5E200735DA4 /* SDWebImageDownloader.m */ = {isa = PBXFileReference; fileEncoding = 4; lastKnownFileType = sourcecode.c.objc; path = SDWebImageDownloader.m; sourceTree = "<group>"; };
		07581A11176EA5E200735DA4 /* SDWebImageDownloaderOperation.h */ = {isa = PBXFileReference; fileEncoding = 4; lastKnownFileType = sourcecode.c.h; path = SDWebImageDownloaderOperation.h; sourceTree = "<group>"; };
		07581A12176EA5E200735DA4 /* SDWebImageDownloaderOperation.m */ = {isa = PBXFileReference; fileEncoding = 4; lastKnownFileType = sourcecode.c.objc; path = SDWebImageDownloaderOperation.m; sourceTree = "<group>"; };
		07581A13176EA5E200735DA4 /* SDWebImageManager.h */ = {isa = PBXFileReference; fileEncoding = 4; lastKnownFileType = sourcecode.c.h; path = SDWebImageManager.h; sourceTree = "<group>"; };
		07581A14176EA5E200735DA4 /* SDWebImageManager.m */ = {isa = PBXFileReference; fileEncoding = 4; lastKnownFileType = sourcecode.c.objc; path = SDWebImageManager.m; sourceTree = "<group>"; };
		07581A15176EA5E200735DA4 /* SDWebImageOperation.h */ = {isa = PBXFileReference; fileEncoding = 4; lastKnownFileType = sourcecode.c.h; path = SDWebImageOperation.h; sourceTree = "<group>"; };
		07581A16176EA5E200735DA4 /* SDWebImagePrefetcher.h */ = {isa = PBXFileReference; fileEncoding = 4; lastKnownFileType = sourcecode.c.h; path = SDWebImagePrefetcher.h; sourceTree = "<group>"; };
		07581A17176EA5E200735DA4 /* SDWebImagePrefetcher.m */ = {isa = PBXFileReference; fileEncoding = 4; lastKnownFileType = sourcecode.c.objc; path = SDWebImagePrefetcher.m; sourceTree = "<group>"; };
		07581A18176EA5E200735DA4 /* UIButton+WebCache.h */ = {isa = PBXFileReference; fileEncoding = 4; lastKnownFileType = sourcecode.c.h; path = "UIButton+WebCache.h"; sourceTree = "<group>"; };
		07581A19176EA5E200735DA4 /* UIButton+WebCache.m */ = {isa = PBXFileReference; fileEncoding = 4; lastKnownFileType = sourcecode.c.objc; path = "UIButton+WebCache.m"; sourceTree = "<group>"; };
		07581A1A176EA5E200735DA4 /* UIImage+GIF.h */ = {isa = PBXFileReference; fileEncoding = 4; lastKnownFileType = sourcecode.c.h; path = "UIImage+GIF.h"; sourceTree = "<group>"; };
		07581A1B176EA5E200735DA4 /* UIImage+GIF.m */ = {isa = PBXFileReference; fileEncoding = 4; lastKnownFileType = sourcecode.c.objc; path = "UIImage+GIF.m"; sourceTree = "<group>"; };
		07581A1C176EA5E200735DA4 /* UIImage+MultiFormat.h */ = {isa = PBXFileReference; fileEncoding = 4; lastKnownFileType = sourcecode.c.h; path = "UIImage+MultiFormat.h"; sourceTree = "<group>"; };
		07581A1D176EA5E200735DA4 /* UIImage+MultiFormat.m */ = {isa = PBXFileReference; fileEncoding = 4; lastKnownFileType = sourcecode.c.objc; path = "UIImage+MultiFormat.m"; sourceTree = "<group>"; };
		07581A1E176EA5E200735DA4 /* UIImage+WebP.h */ = {isa = PBXFileReference; fileEncoding = 4; lastKnownFileType = sourcecode.c.h; path = "UIImage+WebP.h"; sourceTree = "<group>"; };
		07581A1F176EA5E200735DA4 /* UIImage+WebP.m */ = {isa = PBXFileReference; fileEncoding = 4; lastKnownFileType = sourcecode.c.objc; path = "UIImage+WebP.m"; sourceTree = "<group>"; };
		07581A20176EA5E200735DA4 /* UIImageView+WebCache.h */ = {isa = PBXFileReference; fileEncoding = 4; lastKnownFileType = sourcecode.c.h; path = "UIImageView+WebCache.h"; sourceTree = "<group>"; };
		07581A21176EA5E200735DA4 /* UIImageView+WebCache.m */ = {isa = PBXFileReference; fileEncoding = 4; lastKnownFileType = sourcecode.c.objc; path = "UIImageView+WebCache.m"; sourceTree = "<group>"; };
		076E5E6B1768CF570029E472 /* Default-568h@2x.png */ = {isa = PBXFileReference; lastKnownFileType = image.png; path = "Default-568h@2x.png"; sourceTree = "<group>"; };
		0E85B24D14C6F40500EA35BF /* en */ = {isa = PBXFileReference; lastKnownFileType = text.plist.strings; name = en; path = en.lproj/Localizable.strings; sourceTree = "<group>"; };
		0EA380341573EA53003F4582 /* ImageIO.framework */ = {isa = PBXFileReference; lastKnownFileType = wrapper.framework; name = ImageIO.framework; path = System/Library/Frameworks/ImageIO.framework; sourceTree = SDKROOT; };
		4C6F978D14AF734900F8389A /* PhotoBrowserDemo.app */ = {isa = PBXFileReference; explicitFileType = wrapper.application; includeInIndex = 0; path = PhotoBrowserDemo.app; sourceTree = BUILT_PRODUCTS_DIR; };
		4C6F979114AF734900F8389A /* UIKit.framework */ = {isa = PBXFileReference; lastKnownFileType = wrapper.framework; name = UIKit.framework; path = System/Library/Frameworks/UIKit.framework; sourceTree = SDKROOT; };
		4C6F979314AF734900F8389A /* Foundation.framework */ = {isa = PBXFileReference; lastKnownFileType = wrapper.framework; name = Foundation.framework; path = System/Library/Frameworks/Foundation.framework; sourceTree = SDKROOT; };
		4C6F979514AF734900F8389A /* CoreGraphics.framework */ = {isa = PBXFileReference; lastKnownFileType = wrapper.framework; name = CoreGraphics.framework; path = System/Library/Frameworks/CoreGraphics.framework; sourceTree = SDKROOT; };
		4C6F979914AF734900F8389A /* PhotoBrowserDemo-Info.plist */ = {isa = PBXFileReference; lastKnownFileType = text.plist.xml; path = "PhotoBrowserDemo-Info.plist"; sourceTree = "<group>"; };
		4C6F979D14AF734900F8389A /* main.m */ = {isa = PBXFileReference; lastKnownFileType = sourcecode.c.objc; path = main.m; sourceTree = "<group>"; };
		4C6F979F14AF734900F8389A /* PhotoBrowserDemo-Prefix.pch */ = {isa = PBXFileReference; lastKnownFileType = sourcecode.c.h; path = "PhotoBrowserDemo-Prefix.pch"; sourceTree = "<group>"; };
		4C6F97A014AF734900F8389A /* AppDelegate.h */ = {isa = PBXFileReference; lastKnownFileType = sourcecode.c.h; path = AppDelegate.h; sourceTree = "<group>"; };
		4C6F97A114AF734900F8389A /* AppDelegate.m */ = {isa = PBXFileReference; lastKnownFileType = sourcecode.c.objc; path = AppDelegate.m; sourceTree = "<group>"; };
		4C6F97B114AF737E00F8389A /* Menu.h */ = {isa = PBXFileReference; fileEncoding = 4; lastKnownFileType = sourcecode.c.h; path = Menu.h; sourceTree = "<group>"; };
		4C6F97B214AF737E00F8389A /* Menu.m */ = {isa = PBXFileReference; fileEncoding = 4; lastKnownFileType = sourcecode.c.objc; path = Menu.m; sourceTree = "<group>"; };
		4C6F97C814AF750400F8389A /* MessageUI.framework */ = {isa = PBXFileReference; lastKnownFileType = wrapper.framework; name = MessageUI.framework; path = System/Library/Frameworks/MessageUI.framework; sourceTree = SDKROOT; };
		4C6F97CB14AF760500F8389A /* photo1l.jpg */ = {isa = PBXFileReference; lastKnownFileType = image.jpeg; name = photo1l.jpg; path = Photos/photo1l.jpg; sourceTree = "<group>"; };
		4C6F97CC14AF760500F8389A /* photo1m.jpg */ = {isa = PBXFileReference; lastKnownFileType = image.jpeg; name = photo1m.jpg; path = Photos/photo1m.jpg; sourceTree = "<group>"; };
		4C6F97CD14AF760500F8389A /* photo2l.jpg */ = {isa = PBXFileReference; lastKnownFileType = image.jpeg; name = photo2l.jpg; path = Photos/photo2l.jpg; sourceTree = "<group>"; };
		4C6F97CE14AF760500F8389A /* photo2m.jpg */ = {isa = PBXFileReference; lastKnownFileType = image.jpeg; name = photo2m.jpg; path = Photos/photo2m.jpg; sourceTree = "<group>"; };
		4C6F97CF14AF760500F8389A /* photo3l.jpg */ = {isa = PBXFileReference; lastKnownFileType = image.jpeg; name = photo3l.jpg; path = Photos/photo3l.jpg; sourceTree = "<group>"; };
		4C6F97D014AF760500F8389A /* photo3m.jpg */ = {isa = PBXFileReference; lastKnownFileType = image.jpeg; name = photo3m.jpg; path = Photos/photo3m.jpg; sourceTree = "<group>"; };
		4C6F97D114AF760500F8389A /* photo4l.jpg */ = {isa = PBXFileReference; lastKnownFileType = image.jpeg; name = photo4l.jpg; path = Photos/photo4l.jpg; sourceTree = "<group>"; };
		4C6F97D214AF760500F8389A /* photo4m.jpg */ = {isa = PBXFileReference; lastKnownFileType = image.jpeg; name = photo4m.jpg; path = Photos/photo4m.jpg; sourceTree = "<group>"; };
/* End PBXFileReference section */

/* Begin PBXFrameworksBuildPhase section */
		4C6F978A14AF734800F8389A /* Frameworks */ = {
			isa = PBXFrameworksBuildPhase;
			buildActionMask = 2147483647;
			files = (
				0EA380351573EA53003F4582 /* ImageIO.framework in Frameworks */,
				4C6F97C914AF750400F8389A /* MessageUI.framework in Frameworks */,
				4C6F979214AF734900F8389A /* UIKit.framework in Frameworks */,
				4C6F979414AF734900F8389A /* Foundation.framework in Frameworks */,
				4C6F979614AF734900F8389A /* CoreGraphics.framework in Frameworks */,
			);
			runOnlyForDeploymentPostprocessing = 0;
		};
/* End PBXFrameworksBuildPhase section */

/* Begin PBXGroup section */
		07581A03176EA5E200735DA4 /* Libraries */ = {
			isa = PBXGroup;
			children = (
				07581A04176EA5E200735DA4 /* SDWebImage */,
			);
			name = Libraries;
			path = ../../MWPhotoBrowser/Libraries;
			sourceTree = "<group>";
		};
		07581A04176EA5E200735DA4 /* SDWebImage */ = {
			isa = PBXGroup;
			children = (
				07581A05176EA5E200735DA4 /* LICENSE */,
				07581A06176EA5E200735DA4 /* NSData+GIF.h */,
				07581A07176EA5E200735DA4 /* NSData+GIF.m */,
				07581A08176EA5E200735DA4 /* README.md */,
				07581A09176EA5E200735DA4 /* SDImageCache.h */,
				07581A0A176EA5E200735DA4 /* SDImageCache.m */,
				07581A0B176EA5E200735DA4 /* SDWebImageCompat.h */,
				07581A0C176EA5E200735DA4 /* SDWebImageCompat.m */,
				07581A0D176EA5E200735DA4 /* SDWebImageDecoder.h */,
				07581A0E176EA5E200735DA4 /* SDWebImageDecoder.m */,
				07581A0F176EA5E200735DA4 /* SDWebImageDownloader.h */,
				07581A10176EA5E200735DA4 /* SDWebImageDownloader.m */,
				07581A11176EA5E200735DA4 /* SDWebImageDownloaderOperation.h */,
				07581A12176EA5E200735DA4 /* SDWebImageDownloaderOperation.m */,
				07581A13176EA5E200735DA4 /* SDWebImageManager.h */,
				07581A14176EA5E200735DA4 /* SDWebImageManager.m */,
				07581A15176EA5E200735DA4 /* SDWebImageOperation.h */,
				07581A16176EA5E200735DA4 /* SDWebImagePrefetcher.h */,
				07581A17176EA5E200735DA4 /* SDWebImagePrefetcher.m */,
				07581A18176EA5E200735DA4 /* UIButton+WebCache.h */,
				07581A19176EA5E200735DA4 /* UIButton+WebCache.m */,
				07581A1A176EA5E200735DA4 /* UIImage+GIF.h */,
				07581A1B176EA5E200735DA4 /* UIImage+GIF.m */,
				07581A1C176EA5E200735DA4 /* UIImage+MultiFormat.h */,
				07581A1D176EA5E200735DA4 /* UIImage+MultiFormat.m */,
				07581A1E176EA5E200735DA4 /* UIImage+WebP.h */,
				07581A1F176EA5E200735DA4 /* UIImage+WebP.m */,
				07581A20176EA5E200735DA4 /* UIImageView+WebCache.h */,
				07581A21176EA5E200735DA4 /* UIImageView+WebCache.m */,
			);
			path = SDWebImage;
			sourceTree = "<group>";
		};
		4C6F978214AF734800F8389A = {
			isa = PBXGroup;
			children = (
				076E5E6B1768CF570029E472 /* Default-568h@2x.png */,
				4C6F979714AF734900F8389A /* PhotoBrowserDemo */,
				4C6F979014AF734900F8389A /* Frameworks */,
				4C6F978E14AF734900F8389A /* Products */,
			);
			sourceTree = "<group>";
		};
		4C6F978E14AF734900F8389A /* Products */ = {
			isa = PBXGroup;
			children = (
				4C6F978D14AF734900F8389A /* PhotoBrowserDemo.app */,
			);
			name = Products;
			sourceTree = "<group>";
		};
		4C6F979014AF734900F8389A /* Frameworks */ = {
			isa = PBXGroup;
			children = (
				0EA380341573EA53003F4582 /* ImageIO.framework */,
				4C6F97C814AF750400F8389A /* MessageUI.framework */,
				4C6F979114AF734900F8389A /* UIKit.framework */,
				4C6F979314AF734900F8389A /* Foundation.framework */,
				4C6F979514AF734900F8389A /* CoreGraphics.framework */,
			);
			name = Frameworks;
			sourceTree = "<group>";
		};
		4C6F979714AF734900F8389A /* PhotoBrowserDemo */ = {
			isa = PBXGroup;
			children = (
				4C6F97A014AF734900F8389A /* AppDelegate.h */,
				4C6F97A114AF734900F8389A /* AppDelegate.m */,
				4C6F97B114AF737E00F8389A /* Menu.h */,
				4C6F97B214AF737E00F8389A /* Menu.m */,
				0E85B24E14C6F40500EA35BF /* Localizable.strings */,
				4C6F97CA14AF75D300F8389A /* Photos */,
				4CB08BF314B1FF7300730E9F /* MWPhotoBrowser */,
				4C6F979814AF734900F8389A /* Supporting Files */,
			);
			path = PhotoBrowserDemo;
			sourceTree = "<group>";
		};
		4C6F979814AF734900F8389A /* Supporting Files */ = {
			isa = PBXGroup;
			children = (
				4C6F979914AF734900F8389A /* PhotoBrowserDemo-Info.plist */,
				4C6F979D14AF734900F8389A /* main.m */,
				4C6F979F14AF734900F8389A /* PhotoBrowserDemo-Prefix.pch */,
			);
			name = "Supporting Files";
			sourceTree = "<group>";
		};
		4C6F97CA14AF75D300F8389A /* Photos */ = {
			isa = PBXGroup;
			children = (
				4C6F97CB14AF760500F8389A /* photo1l.jpg */,
				4C6F97CC14AF760500F8389A /* photo1m.jpg */,
				4C6F97CD14AF760500F8389A /* photo2l.jpg */,
				4C6F97CE14AF760500F8389A /* photo2m.jpg */,
				4C6F97CF14AF760500F8389A /* photo3l.jpg */,
				4C6F97D014AF760500F8389A /* photo3m.jpg */,
				4C6F97D114AF760500F8389A /* photo4l.jpg */,
				4C6F97D214AF760500F8389A /* photo4m.jpg */,
			);
			name = Photos;
			sourceTree = "<group>";
		};
		4CB08BF314B1FF7300730E9F /* MWPhotoBrowser */ = {
			isa = PBXGroup;
			children = (
				07581A03176EA5E200735DA4 /* Libraries */,
				075819B4176EA4B300735DA4 /* MWPhoto.m */,
				075819B5176EA4B300735DA4 /* MWCaptionView.h */,
				075819B6176EA4B300735DA4 /* MWCaptionView.m */,
				075819B7176EA4B300735DA4 /* MWPhoto.h */,
				075819B8176EA4B300735DA4 /* MWPhotoBrowser.bundle */,
				075819B9176EA4B300735DA4 /* MWPhotoBrowser.h */,
				075819BA176EA4B300735DA4 /* MWPhotoBrowser.m */,
				075819BB176EA4B300735DA4 /* MWPhotoProtocol.h */,
				075819BC176EA4B300735DA4 /* MWProgressHUD.h */,
				075819BD176EA4B300735DA4 /* MWProgressHUD.m */,
				075819BE176EA4B300735DA4 /* MWTapDetectingImageView.h */,
				075819BF176EA4B300735DA4 /* MWTapDetectingImageView.m */,
				075819C0176EA4B300735DA4 /* MWTapDetectingView.h */,
				075819C1176EA4B300735DA4 /* MWTapDetectingView.m */,
				075819C2176EA4B300735DA4 /* MWZoomingScrollView.h */,
				075819C3176EA4B300735DA4 /* MWZoomingScrollView.m */,
			);
			name = MWPhotoBrowser;
			sourceTree = "<group>";
		};
/* End PBXGroup section */

/* Begin PBXNativeTarget section */
		4C6F978C14AF734800F8389A /* PhotoBrowserDemo */ = {
			isa = PBXNativeTarget;
			buildConfigurationList = 4C6F97AE14AF734900F8389A /* Build configuration list for PBXNativeTarget "PhotoBrowserDemo" */;
			buildPhases = (
				4C6F978914AF734800F8389A /* Sources */,
				4C6F978A14AF734800F8389A /* Frameworks */,
				4C6F978B14AF734800F8389A /* Resources */,
			);
			buildRules = (
			);
			dependencies = (
			);
			name = PhotoBrowserDemo;
			productName = PhotoBrowserDemo;
			productReference = 4C6F978D14AF734900F8389A /* PhotoBrowserDemo.app */;
			productType = "com.apple.product-type.application";
		};
/* End PBXNativeTarget section */

/* Begin PBXProject section */
		4C6F978414AF734800F8389A /* Project object */ = {
			isa = PBXProject;
			attributes = {
				LastUpgradeCheck = 0460;
			};
			buildConfigurationList = 4C6F978714AF734800F8389A /* Build configuration list for PBXProject "PhotoBrowserDemo" */;
			compatibilityVersion = "Xcode 3.2";
			developmentRegion = English;
			hasScannedForEncodings = 0;
			knownRegions = (
				en,
				fr,
			);
			mainGroup = 4C6F978214AF734800F8389A;
			productRefGroup = 4C6F978E14AF734900F8389A /* Products */;
			projectDirPath = "";
			projectRoot = "";
			targets = (
				4C6F978C14AF734800F8389A /* PhotoBrowserDemo */,
			);
		};
/* End PBXProject section */

/* Begin PBXResourcesBuildPhase section */
		4C6F978B14AF734800F8389A /* Resources */ = {
			isa = PBXResourcesBuildPhase;
			buildActionMask = 2147483647;
			files = (
				4C6F97D314AF760500F8389A /* photo1l.jpg in Resources */,
				4C6F97D414AF760500F8389A /* photo1m.jpg in Resources */,
				4C6F97D514AF760500F8389A /* photo2l.jpg in Resources */,
				4C6F97D614AF760500F8389A /* photo2m.jpg in Resources */,
				4C6F97D714AF760500F8389A /* photo3l.jpg in Resources */,
				4C6F97D814AF760500F8389A /* photo3m.jpg in Resources */,
				4C6F97D914AF760500F8389A /* photo4l.jpg in Resources */,
				4C6F97DA14AF760500F8389A /* photo4m.jpg in Resources */,
				0E85B24C14C6F40500EA35BF /* Localizable.strings in Resources */,
				076E5E6C1768CF570029E472 /* Default-568h@2x.png in Resources */,
				075819C6176EA4B300735DA4 /* MWPhotoBrowser.bundle in Resources */,
				07581A22176EA5E200735DA4 /* LICENSE in Resources */,
				07581A24176EA5E200735DA4 /* README.md in Resources */,
			);
			runOnlyForDeploymentPostprocessing = 0;
		};
/* End PBXResourcesBuildPhase section */

/* Begin PBXSourcesBuildPhase section */
		4C6F978914AF734800F8389A /* Sources */ = {
			isa = PBXSourcesBuildPhase;
			buildActionMask = 2147483647;
			files = (
				4C6F979E14AF734900F8389A /* main.m in Sources */,
				4C6F97A214AF734900F8389A /* AppDelegate.m in Sources */,
				4C6F97B314AF737E00F8389A /* Menu.m in Sources */,
				075819C4176EA4B300735DA4 /* MWPhoto.m in Sources */,
				075819C5176EA4B300735DA4 /* MWCaptionView.m in Sources */,
				075819C7176EA4B300735DA4 /* MWPhotoBrowser.m in Sources */,
				075819C8176EA4B300735DA4 /* MWProgressHUD.m in Sources */,
				075819C9176EA4B300735DA4 /* MWTapDetectingImageView.m in Sources */,
				075819CA176EA4B300735DA4 /* MWTapDetectingView.m in Sources */,
				075819CB176EA4B300735DA4 /* MWZoomingScrollView.m in Sources */,
				07581A23176EA5E200735DA4 /* NSData+GIF.m in Sources */,
				07581A25176EA5E200735DA4 /* SDImageCache.m in Sources */,
				07581A26176EA5E200735DA4 /* SDWebImageCompat.m in Sources */,
				07581A27176EA5E200735DA4 /* SDWebImageDecoder.m in Sources */,
				07581A28176EA5E200735DA4 /* SDWebImageDownloader.m in Sources */,
				07581A29176EA5E200735DA4 /* SDWebImageDownloaderOperation.m in Sources */,
				07581A2A176EA5E200735DA4 /* SDWebImageManager.m in Sources */,
				07581A2B176EA5E200735DA4 /* SDWebImagePrefetcher.m in Sources */,
				07581A2C176EA5E200735DA4 /* UIButton+WebCache.m in Sources */,
				07581A2D176EA5E200735DA4 /* UIImage+GIF.m in Sources */,
				07581A2E176EA5E200735DA4 /* UIImage+MultiFormat.m in Sources */,
				07581A2F176EA5E200735DA4 /* UIImage+WebP.m in Sources */,
				07581A30176EA5E200735DA4 /* UIImageView+WebCache.m in Sources */,
			);
			runOnlyForDeploymentPostprocessing = 0;
		};
/* End PBXSourcesBuildPhase section */

/* Begin PBXVariantGroup section */
		0E85B24E14C6F40500EA35BF /* Localizable.strings */ = {
			isa = PBXVariantGroup;
			children = (
				0E85B24D14C6F40500EA35BF /* en */,
			);
			name = Localizable.strings;
			sourceTree = "<group>";
		};
/* End PBXVariantGroup section */

/* Begin XCBuildConfiguration section */
		4C6F97AC14AF734900F8389A /* Debug */ = {
			isa = XCBuildConfiguration;
			buildSettings = {
				ALWAYS_SEARCH_USER_PATHS = YES;
				ARCHS = "$(ARCHS_STANDARD_32_BIT)";
				CLANG_ENABLE_OBJC_ARC = YES;
				CLANG_WARN_CONSTANT_CONVERSION = YES;
				CLANG_WARN_ENUM_CONVERSION = YES;
				CLANG_WARN_INT_CONVERSION = YES;
				CLANG_WARN__DUPLICATE_METHOD_MATCH = YES;
				"CODE_SIGN_IDENTITY[sdk=iphoneos*]" = "iPhone Developer";
				COPY_PHASE_STRIP = NO;
				GCC_C_LANGUAGE_STANDARD = gnu99;
				GCC_DYNAMIC_NO_PIC = NO;
				GCC_OPTIMIZATION_LEVEL = 0;
				GCC_PREPROCESSOR_DEFINITIONS = (
					"DEBUG=1",
					"$(inherited)",
				);
				GCC_SYMBOLS_PRIVATE_EXTERN = NO;
				GCC_VERSION = com.apple.compilers.llvm.clang.1_0;
				GCC_WARN_ABOUT_MISSING_PROTOTYPES = YES;
				GCC_WARN_ABOUT_RETURN_TYPE = YES;
				GCC_WARN_UNINITIALIZED_AUTOS = YES;
				GCC_WARN_UNUSED_VARIABLE = YES;
				IPHONEOS_DEPLOYMENT_TARGET = 4.0;
				SDKROOT = iphoneos;
				TARGETED_DEVICE_FAMILY = "1,2";
			};
			name = Debug;
		};
		4C6F97AD14AF734900F8389A /* Release */ = {
			isa = XCBuildConfiguration;
			buildSettings = {
				ALWAYS_SEARCH_USER_PATHS = YES;
				ARCHS = "$(ARCHS_STANDARD_32_BIT)";
				CLANG_ENABLE_OBJC_ARC = YES;
				CLANG_WARN_CONSTANT_CONVERSION = YES;
				CLANG_WARN_ENUM_CONVERSION = YES;
				CLANG_WARN_INT_CONVERSION = YES;
				CLANG_WARN__DUPLICATE_METHOD_MATCH = YES;
				"CODE_SIGN_IDENTITY[sdk=iphoneos*]" = "iPhone Developer";
				COPY_PHASE_STRIP = YES;
				GCC_C_LANGUAGE_STANDARD = gnu99;
				GCC_VERSION = com.apple.compilers.llvm.clang.1_0;
				GCC_WARN_ABOUT_MISSING_PROTOTYPES = YES;
				GCC_WARN_ABOUT_RETURN_TYPE = YES;
				GCC_WARN_UNINITIALIZED_AUTOS = YES;
				GCC_WARN_UNUSED_VARIABLE = YES;
				IPHONEOS_DEPLOYMENT_TARGET = 4.0;
				OTHER_CFLAGS = "-DNS_BLOCK_ASSERTIONS=1";
				SDKROOT = iphoneos;
				TARGETED_DEVICE_FAMILY = "1,2";
				VALIDATE_PRODUCT = YES;
			};
			name = Release;
		};
		4C6F97AF14AF734900F8389A /* Debug */ = {
			isa = XCBuildConfiguration;
			buildSettings = {
				ARCHS = (
					armv6,
					"$(ARCHS_STANDARD_32_BIT)",
				);
				CLANG_ENABLE_OBJC_ARC = YES;
				GCC_PRECOMPILE_PREFIX_HEADER = YES;
				GCC_PREFIX_HEADER = "PhotoBrowserDemo/PhotoBrowserDemo-Prefix.pch";
				GCC_THUMB_SUPPORT = NO;
				INFOPLIST_FILE = "PhotoBrowserDemo/PhotoBrowserDemo-Info.plist";
				IPHONEOS_DEPLOYMENT_TARGET = 5.0;
				OTHER_LDFLAGS = "-all_load";
				PRODUCT_NAME = "$(TARGET_NAME)";
				USER_HEADER_SEARCH_PATHS = "../**";
				WRAPPER_EXTENSION = app;
			};
			name = Debug;
		};
		4C6F97B014AF734900F8389A /* Release */ = {
			isa = XCBuildConfiguration;
			buildSettings = {
				ARCHS = (
					armv6,
					"$(ARCHS_STANDARD_32_BIT)",
				);
				CLANG_ENABLE_OBJC_ARC = YES;
				GCC_PRECOMPILE_PREFIX_HEADER = YES;
				GCC_PREFIX_HEADER = "PhotoBrowserDemo/PhotoBrowserDemo-Prefix.pch";
				GCC_THUMB_SUPPORT = NO;
				INFOPLIST_FILE = "PhotoBrowserDemo/PhotoBrowserDemo-Info.plist";
				IPHONEOS_DEPLOYMENT_TARGET = 5.0;
				OTHER_LDFLAGS = "-all_load";
				PRODUCT_NAME = "$(TARGET_NAME)";
				USER_HEADER_SEARCH_PATHS = "../**";
				WRAPPER_EXTENSION = app;
			};
			name = Release;
		};
/* End XCBuildConfiguration section */

/* Begin XCConfigurationList section */
		4C6F978714AF734800F8389A /* Build configuration list for PBXProject "PhotoBrowserDemo" */ = {
			isa = XCConfigurationList;
			buildConfigurations = (
				4C6F97AC14AF734900F8389A /* Debug */,
				4C6F97AD14AF734900F8389A /* Release */,
			);
			defaultConfigurationIsVisible = 0;
			defaultConfigurationName = Release;
		};
		4C6F97AE14AF734900F8389A /* Build configuration list for PBXNativeTarget "PhotoBrowserDemo" */ = {
			isa = XCConfigurationList;
			buildConfigurations = (
				4C6F97AF14AF734900F8389A /* Debug */,
				4C6F97B014AF734900F8389A /* Release */,
			);
			defaultConfigurationIsVisible = 0;
			defaultConfigurationName = Release;
		};
/* End XCConfigurationList section */
	};
	rootObject = 4C6F978414AF734800F8389A /* Project object */;
}
